
Microsoft Visual Studio Solution File, Format Version 12.00
# Visual Studio Version 17
VisualStudioVersion = 17.14.36301.6 d17.14
MinimumVisualStudioVersion = 10.0.40219.1
Project("{FAE04EC0-301F-11D3-BF4B-00C04F79EFBC}") = "DAADScraper.Win", "DAAD Scraper\DAADScraper.Win.csproj", "{0D71E4B1-F850-4239-B8E3-97CE74CCE6AD}"
EndProject
Project("{FAE04EC0-301F-11D3-BF4B-00C04F79EFBC}") = "DAADScraper.Core", "DAADScraper.Core\DAADScraper.Core.csproj", "{571BE800-4690-40C0-A1DF-49AD9E598A29}"
EndProject
Project("{2150E333-8FDC-42A3-9474-1A3956D46DE8}") = "Solution Items", "Solution Items", "{02EA681E-C7D8-13C7-8484-4AC65E1B71E8}"
	ProjectSection(SolutionItems) = preProject
		.editorconfig = .editorconfig
	EndProjectSection
EndProject
Global
	GlobalSection(SolutionConfigurationPlatforms) = preSolution
		Debug|Any CPU = Debug|Any CPU
		Release|Any CPU = Release|Any CPU
	EndGlobalSection
	GlobalSection(ProjectConfigurationPlatforms) = postSolution
		{0D71E4B1-F850-4239-B8E3-97CE74CCE6AD}.Debug|Any CPU.ActiveCfg = Debug|Any CPU
		{0D71E4B1-F850-4239-B8E3-97CE74CCE6AD}.Debug|Any CPU.Build.0 = Debug|Any CPU
		{0D71E4B1-F850-4239-B8E3-97CE74CCE6AD}.Release|Any CPU.ActiveCfg = Release|Any CPU
		{0D71E4B1-F850-4239-B8E3-97CE74CCE6AD}.Release|Any CPU.Build.0 = Release|Any CPU
		{571BE800-4690-40C0-A1DF-49AD9E598A29}.Debug|Any CPU.ActiveCfg = Debug|Any CPU
		{571BE800-4690-40C0-A1DF-49AD9E598A29}.Debug|Any CPU.Build.0 = Debug|Any CPU
		{571BE800-4690-40C0-A1DF-49AD9E598A29}.Release|Any CPU.ActiveCfg = Release|Any CPU
		{571BE800-4690-40C0-A1DF-49AD9E598A29}.Release|Any CPU.Build.0 = Release|Any CPU
	EndGlobalSection
	GlobalSection(SolutionProperties) = preSolution
		HideSolutionNode = FALSE
	EndGlobalSection
	GlobalSection(ExtensibilityGlobals) = postSolution
		SolutionGuid = {56D3CC8B-0231-4EB6-997E-6F84BDAE818F}
	EndGlobalSection
EndGlobal
